
Microsoft Visual Studio Solution File, Format Version 12.00
# Visual Studio Version 16
VisualStudioVersion = 16.0.29326.143
MinimumVisualStudioVersion = 10.0.40219.1
Project("{FAE04EC0-301F-11D3-BF4B-00C04F79EFBC}") = "ConsoleApp1", "ConsoleApp1\ConsoleApp1.csproj", "{043AB72C-40A0-4CA5-8C91-8A4B3A8AE4FB}"
EndProject
Global
	GlobalSection(SolutionConfigurationPlatforms) = preSolution
		Debug|Any CPU = Debug|Any CPU
		Release|Any CPU = Release|Any CPU
	EndGlobalSection
	GlobalSection(ProjectConfigurationPlatforms) = postSolution
		{043AB72C-40A0-4CA5-8C91-8A4B3A8AE4FB}.Debug|Any CPU.ActiveCfg = Debug|Any CPU
		{043AB72C-40A0-4CA5-8C91-8A4B3A8AE4FB}.Debug|Any CPU.Build.0 = Debug|Any CPU
		{043AB72C-40A0-4CA5-8C91-8A4B3A8AE4FB}.Release|Any CPU.ActiveCfg = Release|Any CPU
		{043AB72C-40A0-4CA5-8C91-8A4B3A8AE4FB}.Release|Any CPU.Build.0 = Release|Any CPU
	EndGlobalSection
	GlobalSection(SolutionProperties) = preSolution
		HideSolutionNode = FALSE
	EndGlobalSection
	GlobalSection(ExtensibilityGlobals) = postSolution
		SolutionGuid = {DA29B03D-33EF-418F-9CBB-C4D067D44479}
	EndGlobalSection
EndGlobal
