
Microsoft Visual Studio Solution File, Format Version 12.00
# Visual Studio Version 16
VisualStudioVersion = 16.0.29519.87
MinimumVisualStudioVersion = 10.0.40219.1
Project("{FAE04EC0-301F-11D3-BF4B-00C04F79EFBC}") = "Labs_12", "Labs_12\Labs_12.csproj", "{D66866B9-711D-4BAF-B4AC-6E0143040AF2}"
EndProject
Global
	GlobalSection(SolutionConfigurationPlatforms) = preSolution
		Debug|Any CPU = Debug|Any CPU
		Release|Any CPU = Release|Any CPU
	EndGlobalSection
	GlobalSection(ProjectConfigurationPlatforms) = postSolution
		{D66866B9-711D-4BAF-B4AC-6E0143040AF2}.Debug|Any CPU.ActiveCfg = Debug|Any CPU
		{D66866B9-711D-4BAF-B4AC-6E0143040AF2}.Debug|Any CPU.Build.0 = Debug|Any CPU
		{D66866B9-711D-4BAF-B4AC-6E0143040AF2}.Release|Any CPU.ActiveCfg = Release|Any CPU
		{D66866B9-711D-4BAF-B4AC-6E0143040AF2}.Release|Any CPU.Build.0 = Release|Any CPU
	EndGlobalSection
	GlobalSection(SolutionProperties) = preSolution
		HideSolutionNode = FALSE
	EndGlobalSection
	GlobalSection(ExtensibilityGlobals) = postSolution
		SolutionGuid = {DCB22B40-27A9-420C-A6F3-55AD023F5EF2}
	EndGlobalSection
EndGlobal
