
Microsoft Visual Studio Solution File, Format Version 12.00
# Visual Studio Version 16
VisualStudioVersion = 16.0.29326.143
MinimumVisualStudioVersion = 10.0.40219.1
Project("{FAE04EC0-301F-11D3-BF4B-00C04F79EFBC}") = "6 var", "6 var\6 var.csproj", "{C11846B1-430A-48FC-ABA8-8AF03047C3F6}"
EndProject
Global
	GlobalSection(SolutionConfigurationPlatforms) = preSolution
		Debug|Any CPU = Debug|Any CPU
		Release|Any CPU = Release|Any CPU
	EndGlobalSection
	GlobalSection(ProjectConfigurationPlatforms) = postSolution
		{C11846B1-430A-48FC-ABA8-8AF03047C3F6}.Debug|Any CPU.ActiveCfg = Debug|Any CPU
		{C11846B1-430A-48FC-ABA8-8AF03047C3F6}.Debug|Any CPU.Build.0 = Debug|Any CPU
		{C11846B1-430A-48FC-ABA8-8AF03047C3F6}.Release|Any CPU.ActiveCfg = Release|Any CPU
		{C11846B1-430A-48FC-ABA8-8AF03047C3F6}.Release|Any CPU.Build.0 = Release|Any CPU
	EndGlobalSection
	GlobalSection(SolutionProperties) = preSolution
		HideSolutionNode = FALSE
	EndGlobalSection
	GlobalSection(ExtensibilityGlobals) = postSolution
		SolutionGuid = {1B438CA9-6E08-45C7-B622-502D0959747B}
	EndGlobalSection
EndGlobal
