
Microsoft Visual Studio Solution File, Format Version 12.00
# Visual Studio Version 16
VisualStudioVersion = 16.0.29326.143
MinimumVisualStudioVersion = 10.0.40219.1
Project("{FAE04EC0-301F-11D3-BF4B-00C04F79EFBC}") = "2var", "2var\2var.csproj", "{FC887763-4D35-4012-B229-16AF71B07056}"
EndProject
Global
	GlobalSection(SolutionConfigurationPlatforms) = preSolution
		Debug|Any CPU = Debug|Any CPU
		Release|Any CPU = Release|Any CPU
	EndGlobalSection
	GlobalSection(ProjectConfigurationPlatforms) = postSolution
		{FC887763-4D35-4012-B229-16AF71B07056}.Debug|Any CPU.ActiveCfg = Debug|Any CPU
		{FC887763-4D35-4012-B229-16AF71B07056}.Debug|Any CPU.Build.0 = Debug|Any CPU
		{FC887763-4D35-4012-B229-16AF71B07056}.Release|Any CPU.ActiveCfg = Release|Any CPU
		{FC887763-4D35-4012-B229-16AF71B07056}.Release|Any CPU.Build.0 = Release|Any CPU
	EndGlobalSection
	GlobalSection(SolutionProperties) = preSolution
		HideSolutionNode = FALSE
	EndGlobalSection
	GlobalSection(ExtensibilityGlobals) = postSolution
		SolutionGuid = {55E9F7B5-9EE3-48B8-8F00-2EEEDFF434A8}
	EndGlobalSection
EndGlobal
