
Microsoft Visual Studio Solution File, Format Version 12.00
# Visual Studio Version 16
VisualStudioVersion = 16.0.29326.143
MinimumVisualStudioVersion = 10.0.40219.1
Project("{FAE04EC0-301F-11D3-BF4B-00C04F79EFBC}") = "5 var", "5 var\5 var.csproj", "{48BEA661-EBAB-4074-B0EF-B863BFF8B9A1}"
EndProject
Global
	GlobalSection(SolutionConfigurationPlatforms) = preSolution
		Debug|Any CPU = Debug|Any CPU
		Release|Any CPU = Release|Any CPU
	EndGlobalSection
	GlobalSection(ProjectConfigurationPlatforms) = postSolution
		{48BEA661-EBAB-4074-B0EF-B863BFF8B9A1}.Debug|Any CPU.ActiveCfg = Debug|Any CPU
		{48BEA661-EBAB-4074-B0EF-B863BFF8B9A1}.Debug|Any CPU.Build.0 = Debug|Any CPU
		{48BEA661-EBAB-4074-B0EF-B863BFF8B9A1}.Release|Any CPU.ActiveCfg = Release|Any CPU
		{48BEA661-EBAB-4074-B0EF-B863BFF8B9A1}.Release|Any CPU.Build.0 = Release|Any CPU
	EndGlobalSection
	GlobalSection(SolutionProperties) = preSolution
		HideSolutionNode = FALSE
	EndGlobalSection
	GlobalSection(ExtensibilityGlobals) = postSolution
		SolutionGuid = {6FA9A87A-E334-48EE-88FD-EDF51ECD492D}
	EndGlobalSection
EndGlobal
