
Microsoft Visual Studio Solution File, Format Version 12.00
# Visual Studio Version 16
VisualStudioVersion = 16.0.29326.143
MinimumVisualStudioVersion = 10.0.40219.1
Project("{FAE04EC0-301F-11D3-BF4B-00C04F79EFBC}") = "3 vr", "3 vr\3 vr.csproj", "{94D15A21-660F-4ED8-AF52-CFA44920B19C}"
EndProject
Global
	GlobalSection(SolutionConfigurationPlatforms) = preSolution
		Debug|Any CPU = Debug|Any CPU
		Release|Any CPU = Release|Any CPU
	EndGlobalSection
	GlobalSection(ProjectConfigurationPlatforms) = postSolution
		{94D15A21-660F-4ED8-AF52-CFA44920B19C}.Debug|Any CPU.ActiveCfg = Debug|Any CPU
		{94D15A21-660F-4ED8-AF52-CFA44920B19C}.Debug|Any CPU.Build.0 = Debug|Any CPU
		{94D15A21-660F-4ED8-AF52-CFA44920B19C}.Release|Any CPU.ActiveCfg = Release|Any CPU
		{94D15A21-660F-4ED8-AF52-CFA44920B19C}.Release|Any CPU.Build.0 = Release|Any CPU
	EndGlobalSection
	GlobalSection(SolutionProperties) = preSolution
		HideSolutionNode = FALSE
	EndGlobalSection
	GlobalSection(ExtensibilityGlobals) = postSolution
		SolutionGuid = {0BDFE702-00E1-4319-A477-64DE0F911796}
	EndGlobalSection
EndGlobal
