
Microsoft Visual Studio Solution File, Format Version 12.00
# Visual Studio Version 16
VisualStudioVersion = 16.0.29519.87
MinimumVisualStudioVersion = 10.0.40219.1
Project("{FAE04EC0-301F-11D3-BF4B-00C04F79EFBC}") = "Labs_13", "Labs_13\Labs_13.csproj", "{C3849A95-3F5B-4A6D-9A17-C9B980FD2BD7}"
EndProject
Global
	GlobalSection(SolutionConfigurationPlatforms) = preSolution
		Debug|Any CPU = Debug|Any CPU
		Release|Any CPU = Release|Any CPU
	EndGlobalSection
	GlobalSection(ProjectConfigurationPlatforms) = postSolution
		{C3849A95-3F5B-4A6D-9A17-C9B980FD2BD7}.Debug|Any CPU.ActiveCfg = Debug|Any CPU
		{C3849A95-3F5B-4A6D-9A17-C9B980FD2BD7}.Debug|Any CPU.Build.0 = Debug|Any CPU
		{C3849A95-3F5B-4A6D-9A17-C9B980FD2BD7}.Release|Any CPU.ActiveCfg = Release|Any CPU
		{C3849A95-3F5B-4A6D-9A17-C9B980FD2BD7}.Release|Any CPU.Build.0 = Release|Any CPU
	EndGlobalSection
	GlobalSection(SolutionProperties) = preSolution
		HideSolutionNode = FALSE
	EndGlobalSection
	GlobalSection(ExtensibilityGlobals) = postSolution
		SolutionGuid = {63563241-C86E-41DE-9662-B179B4860AA7}
	EndGlobalSection
EndGlobal
